<?xml version="1.0" encoding="utf-8"?>
<Project ToolsVersion="4.0" xmlns="http://schemas.microsoft.com/developer/msbuild/2003">
  <ItemGroup>
    <Filter Include="소스 파일">
      <UniqueIdentifier>{4FC737F1-C7A5-4376-A066-2A32D752A2FF}</UniqueIdentifier>
      <Extensions>cpp;c;cc;cxx;def;odl;idl;hpj;bat;asm;asmx</Extensions>
    </Filter>
    <Filter Include="헤더 파일">
      <UniqueIdentifier>{93995380-89BD-4b04-88EB-625FBE52EBFB}</UniqueIdentifier>
      <Extensions>h;hh;hpp;hxx;hm;inl;inc;ipp;xsd</Extensions>
    </Filter>
    <Filter Include="리소스 파일">
      <UniqueIdentifier>{67DA6AB6-F800-4c08-8B7A-83BB121AAD01}</UniqueIdentifier>
      <Extensions>rc;ico;cur;bmp;dlg;rc2;rct;bin;rgs;gif;jpg;jpeg;jpe;resx;tiff;tif;png;wav;mfcribbon-ms</Extensions>
    </Filter>
  </ItemGroup>
  <ItemGroup>
    <ClCompile Include="2630_CreateColorPaper.cpp">
      <Filter>소스 파일</Filter>
    </ClCompile>
    <ClCompile Include="2565_ElectricFlex.cpp">
      <Filter>소스 파일</Filter>
    </ClCompile>
    <ClCompile Include="2740_행렬 곱셈.cpp">
      <Filter>소스 파일</Filter>
    </ClCompile>
    <ClCompile Include="2749_피보나치 수 3.cpp">
      <Filter>소스 파일</Filter>
    </ClCompile>
    <ClCompile Include="2475_검증수.cpp">
      <Filter>소스 파일</Filter>
    </ClCompile>
    <ClCompile Include="2920_음계.cpp">
      <Filter>소스 파일</Filter>
    </ClCompile>
    <ClCompile Include="2920_MusicalScales.cpp">
      <Filter>소스 파일</Filter>
    </ClCompile>
    <ClCompile Include="2805_나무 자르기.cpp">
      <Filter>소스 파일</Filter>
    </ClCompile>
    <ClCompile Include="2606_바이러스.cpp">
      <Filter>소스 파일</Filter>
    </ClCompile>
    <ClCompile Include="2178_미로 탐색.cpp">
      <Filter>소스 파일</Filter>
    </ClCompile>
    <ClCompile Include="2667_단지번호붙이기.cpp">
      <Filter>소스 파일</Filter>
    </ClCompile>
    <ClCompile Include="2194_유닛 이동시키기.cpp">
      <Filter>소스 파일</Filter>
    </ClCompile>
    <ClCompile Include="2669_직사각형 네개의 합집합의 면적 구하기.cpp">
      <Filter>소스 파일</Filter>
    </ClCompile>
    <ClCompile Include="2845_파티가 끝나고 난 뒤.cpp">
      <Filter>소스 파일</Filter>
    </ClCompile>
    <ClCompile Include="2914_저작권.cpp">
      <Filter>소스 파일</Filter>
    </ClCompile>
    <ClCompile Include="2161_카드1.cpp">
      <Filter>소스 파일</Filter>
    </ClCompile>
    <ClCompile Include="2530_인공지능 시계.cpp">
      <Filter>소스 파일</Filter>
    </ClCompile>
    <ClCompile Include="2818_숙제하기 싫을 때.cpp">
      <Filter>소스 파일</Filter>
    </ClCompile>
    <ClCompile Include="2304_창고 다각형.cpp">
      <Filter>소스 파일</Filter>
    </ClCompile>
    <ClCompile Include="2193_이친수.cpp">
      <Filter>소스 파일</Filter>
    </ClCompile>
    <ClCompile Include="2446_별 찍기 - 9.cpp">
      <Filter>소스 파일</Filter>
    </ClCompile>
    <ClCompile Include="2309_일곱 난쟁이.cpp">
      <Filter>소스 파일</Filter>
    </ClCompile>
    <ClCompile Include="2490_윷놀이.cpp">
      <Filter>소스 파일</Filter>
    </ClCompile>
    <ClCompile Include="2455_지능형 기차.cpp">
      <Filter>소스 파일</Filter>
    </ClCompile>
    <ClCompile Include="2468_안전 영역.cpp">
      <Filter>소스 파일</Filter>
    </ClCompile>
    <ClCompile Include="2583_영역 구하기.cpp">
      <Filter>소스 파일</Filter>
    </ClCompile>
    <ClCompile Include="2576_홀수.cpp">
      <Filter>소스 파일</Filter>
    </ClCompile>
    <ClCompile Include="2442_별 찍기 - 5.cpp">
      <Filter>소스 파일</Filter>
    </ClCompile>
    <ClCompile Include="2523_별 찍기 - 13.cpp">
      <Filter>소스 파일</Filter>
    </ClCompile>
    <ClCompile Include="2444_별 찍기 - 7.cpp">
      <Filter>소스 파일</Filter>
    </ClCompile>
    <ClCompile Include="2445_별 찍기 - 8.cpp">
      <Filter>소스 파일</Filter>
    </ClCompile>
    <ClCompile Include="2443_별 찍기 - 6.cpp">
      <Filter>소스 파일</Filter>
    </ClCompile>
    <ClCompile Include="2743_단어 길이 재기.cpp">
      <Filter>소스 파일</Filter>
    </ClCompile>
    <ClCompile Include="2522_별 찍기 - 12.cpp">
      <Filter>소스 파일</Filter>
    </ClCompile>
    <ClCompile Include="2293_동전1.cpp">
      <Filter>소스 파일</Filter>
    </ClCompile>
    <ClCompile Include="2163_초콜릿 자르기.cpp">
      <Filter>소스 파일</Filter>
    </ClCompile>
    <ClCompile Include="2167_2차원 배열의 합.cpp">
      <Filter>소스 파일</Filter>
    </ClCompile>
    <ClCompile Include="2133_타일 채우기.cpp">
      <Filter>소스 파일</Filter>
    </ClCompile>
    <ClCompile Include="2294_동전 2.cpp">
      <Filter>소스 파일</Filter>
    </ClCompile>
    <ClCompile Include="2442_구간 합 구하기.cpp">
      <Filter>소스 파일</Filter>
    </ClCompile>
    <ClCompile Include="2206_벽 부수고 이동하기.cpp">
      <Filter>소스 파일</Filter>
    </ClCompile>
    <ClCompile Include="2252_줄 세우기.cpp">
      <Filter>소스 파일</Filter>
    </ClCompile>
    <ClCompile Include="2580_스도쿠.cpp">
      <Filter>소스 파일</Filter>
    </ClCompile>
    <ClCompile Include="2003_수들의 합 2.cpp">
      <Filter>소스 파일</Filter>
    </ClCompile>
    <ClCompile Include="2644_촌수계산.cpp">
      <Filter>소스 파일</Filter>
    </ClCompile>
    <ClCompile Include="2525_오븐 시계.cpp">
      <Filter>소스 파일</Filter>
    </ClCompile>
    <ClCompile Include="2953_나는 요리사다.cpp">
      <Filter>소스 파일</Filter>
    </ClCompile>
    <ClCompile Include="2875_대회 or 인턴.cpp">
      <Filter>소스 파일</Filter>
    </ClCompile>
    <ClCompile Include="2752_세수정렬.cpp">
      <Filter>소스 파일</Filter>
    </ClCompile>
    <ClCompile Include="2010_플러그.cpp">
      <Filter>소스 파일</Filter>
    </ClCompile>
    <ClCompile Include="2563_색종이.cpp">
      <Filter>소스 파일</Filter>
    </ClCompile>
    <ClCompile Include="2512_예산.cpp">
      <Filter>소스 파일</Filter>
    </ClCompile>
    <ClCompile Include="2225_합분해.cpp">
      <Filter>소스 파일</Filter>
    </ClCompile>
    <ClCompile Include="2263_트리의 순회.cpp">
      <Filter>소스 파일</Filter>
    </ClCompile>
    <ClCompile Include="2504_괄호의 값.cpp">
      <Filter>소스 파일</Filter>
    </ClCompile>
    <ClCompile Include="2480_주사위 세개.cpp">
      <Filter>소스 파일</Filter>
    </ClCompile>
    <ClCompile Include="2096_내려가기.cpp">
      <Filter>소스 파일</Filter>
    </ClCompile>
    <ClCompile Include="2420_사파리월드.cpp">
      <Filter>소스 파일</Filter>
    </ClCompile>
    <ClCompile Include="2638_치즈.cpp">
      <Filter>소스 파일</Filter>
    </ClCompile>
    <ClCompile Include="2501_약수 구하기.cpp">
      <Filter>소스 파일</Filter>
    </ClCompile>
    <ClCompile Include="2965_캥거루 세마리.cpp">
      <Filter>소스 파일</Filter>
    </ClCompile>
    <ClCompile Include="2506_점수계산.cpp">
      <Filter>소스 파일</Filter>
    </ClCompile>
    <ClCompile Include="2864_5와 6의 차이.cpp">
      <Filter>소스 파일</Filter>
    </ClCompile>
    <ClCompile Include="2745_진법 변환.cpp">
      <Filter>소스 파일</Filter>
    </ClCompile>
    <ClCompile Include="2011_암호코드.cpp">
      <Filter>소스 파일</Filter>
    </ClCompile>
    <ClCompile Include="2822_점수 계산.cpp">
      <Filter>소스 파일</Filter>
    </ClCompile>
    <ClCompile Include="2587_대표값2.cpp">
      <Filter>소스 파일</Filter>
    </ClCompile>
    <ClCompile Include="2529_부등호.cpp">
      <Filter>소스 파일</Filter>
    </ClCompile>
    <ClCompile Include="2744_대소문자 바꾸기.cpp">
      <Filter>소스 파일</Filter>
    </ClCompile>
    <ClCompile Include="2566_최댓값.cpp">
      <Filter>소스 파일</Filter>
    </ClCompile>
    <ClCompile Include="2631_줄세우기.cpp">
      <Filter>소스 파일</Filter>
    </ClCompile>
    <ClCompile Include="2056_작업.cpp">
      <Filter>소스 파일</Filter>
    </ClCompile>
    <ClCompile Include="2166_다각형의 면적.cpp">
      <Filter>소스 파일</Filter>
    </ClCompile>
    <ClCompile Include="2239_스도쿠.cpp">
      <Filter>소스 파일</Filter>
    </ClCompile>
    <ClCompile Include="2476_주사위 게임.cpp">
      <Filter>소스 파일</Filter>
    </ClCompile>
    <ClCompile Include="2467_용액.cpp">
      <Filter>소스 파일</Filter>
    </ClCompile>
    <ClCompile Include="2342_Dance Dance Revolution.cpp">
      <Filter>소스 파일</Filter>
    </ClCompile>
    <ClCompile Include="2592_대표값.cpp">
      <Filter>소스 파일</Filter>
    </ClCompile>
    <ClCompile Include="2473_세 용액.cpp">
      <Filter>소스 파일</Filter>
    </ClCompile>
    <ClCompile Include="2568_전깃줄 - 2.cpp">
      <Filter>소스 파일</Filter>
    </ClCompile>
    <ClCompile Include="2623_음악프로그램.cpp">
      <Filter>소스 파일</Filter>
    </ClCompile>
    <ClCompile Include="2789_유학 금지.cpp">
      <Filter>소스 파일</Filter>
    </ClCompile>
    <ClCompile Include="2407_조합.cpp">
      <Filter>소스 파일</Filter>
    </ClCompile>
    <ClCompile Include="2935_소음.cpp">
      <Filter>소스 파일</Filter>
    </ClCompile>
    <ClCompile Include="2846_오르막길.cpp">
      <Filter>소스 파일</Filter>
    </ClCompile>
    <ClCompile Include="2331_반복수열.cpp">
      <Filter>소스 파일</Filter>
    </ClCompile>
    <ClCompile Include="2851_슈퍼 마리오.cpp">
      <Filter>소스 파일</Filter>
    </ClCompile>
    <ClCompile Include="2458_키 순서.cpp">
      <Filter>소스 파일</Filter>
    </ClCompile>
    <ClCompile Include="2668_숫자고르기.cpp">
      <Filter>소스 파일</Filter>
    </ClCompile>
    <ClCompile Include="2437_저울.cpp">
      <Filter>소스 파일</Filter>
    </ClCompile>
    <ClCompile Include="2536_버스 갈아타기.cpp">
      <Filter>소스 파일</Filter>
    </ClCompile>
    <ClCompile Include="2098_외판원 순회.cpp">
      <Filter>소스 파일</Filter>
    </ClCompile>
    <ClCompile Include="2143_두 배열의 합.cpp">
      <Filter>소스 파일</Filter>
    </ClCompile>
    <ClCompile Include="2751_수 정렬하기 2.cpp">
      <Filter>소스 파일</Filter>
    </ClCompile>
    <ClCompile Include="2460_지능형 기차 2.cpp">
      <Filter>소스 파일</Filter>
    </ClCompile>
    <ClCompile Include="test.cpp">
      <Filter>소스 파일</Filter>
    </ClCompile>
  </ItemGroup>
</Project>