
Microsoft Visual Studio Solution File, Format Version 12.00
# Visual Studio Version 16
VisualStudioVersion = 16.0.29306.81
MinimumVisualStudioVersion = 10.0.40219.1
Project("{8BC9CEB8-8B4A-11D0-8D11-00A0C91BC942}") = "01000~1999", "1000~1999\1000~1999.vcxproj", "{DE84D10C-0D0B-492A-9169-9D30C979BC77}"
EndProject
Project("{8BC9CEB8-8B4A-11D0-8D11-00A0C91BC942}") = "02000~2999", "2000~2999\2000~2999.vcxproj", "{2DBC07A8-B205-4525-9E5A-42239434BB02}"
EndProject
Project("{8BC9CEB8-8B4A-11D0-8D11-00A0C91BC942}") = "10000~10999", "10000~10999\10000~10999.vcxproj", "{4B8735A6-1B21-40EB-82A4-5734531576DD}"
EndProject
Project("{8BC9CEB8-8B4A-11D0-8D11-00A0C91BC942}") = "07000~7999", "07000~7999\07000~7999.vcxproj", "{42C78759-5A14-4016-8118-0075F469CB01}"
EndProject
Project("{8BC9CEB8-8B4A-11D0-8D11-00A0C91BC942}") = "11000~11999", "11000~11999\11000~11999.vcxproj", "{70C82BAB-DC91-45C9-A7F7-2BE4F1FBFA9B}"
EndProject
Project("{8BC9CEB8-8B4A-11D0-8D11-00A0C91BC942}") = "15000~15999", "15000~15999\15000~15999.vcxproj", "{0B4D4FA2-57C8-4565-9603-CAF01EFAD5F1}"
EndProject
Project("{8BC9CEB8-8B4A-11D0-8D11-00A0C91BC942}") = "09000~9999", "09000~9999\09000~9999.vcxproj", "{D3DF76F2-567C-47A7-AB8E-5FDDF08BDEB0}"
EndProject
Project("{8BC9CEB8-8B4A-11D0-8D11-00A0C91BC942}") = "04000~4999", "04000~4999\04000~4999.vcxproj", "{E81AEB17-DD4D-4D5F-89B8-E52334BFDA05}"
EndProject
Project("{8BC9CEB8-8B4A-11D0-8D11-00A0C91BC942}") = "05000~5999", "05000~5999\05000~5999.vcxproj", "{87F6B17B-D4D9-4F84-96BD-CDD8483B9504}"
EndProject
Project("{8BC9CEB8-8B4A-11D0-8D11-00A0C91BC942}") = "03000~3999", "03000~3999\03000~3999.vcxproj", "{E94874E7-996B-4928-8ECE-20804C688C51}"
EndProject
Project("{8BC9CEB8-8B4A-11D0-8D11-00A0C91BC942}") = "08000~8999", "08000~8999\08000~8999.vcxproj", "{2F6B8B3C-5167-49B0-82B4-40A9103BEAC6}"
EndProject
Project("{8BC9CEB8-8B4A-11D0-8D11-00A0C91BC942}") = "06000~6999", "06000~6999\06000~6999.vcxproj", "{D17A2F8A-6178-452C-81FB-86C4C9555BD1}"
EndProject
Project("{8BC9CEB8-8B4A-11D0-8D11-00A0C91BC942}") = "17000~17999", "17000~17999\17000~17999.vcxproj", "{300B03BF-13F6-446C-9F24-93026034EDD1}"
EndProject
Project("{8BC9CEB8-8B4A-11D0-8D11-00A0C91BC942}") = "12000~12999", "12000~12999\12000~12999.vcxproj", "{D5463F81-C834-4B84-9C63-4E4743E37A05}"
EndProject
Project("{8BC9CEB8-8B4A-11D0-8D11-00A0C91BC942}") = "18000~18999", "18000~18999\18000~18999.vcxproj", "{B8E9DF4E-A5F4-45CD-8CA7-DEAFB1F40D66}"
EndProject
Project("{8BC9CEB8-8B4A-11D0-8D11-00A0C91BC942}") = "14000~14999", "14000~14999\14000~14999.vcxproj", "{98E99147-4730-44DB-9129-7DDBCC1D5AB4}"
EndProject
Project("{8BC9CEB8-8B4A-11D0-8D11-00A0C91BC942}") = "16000~16999", "16000~16999\16000~16999.vcxproj", "{44AEA146-D0DD-4C02-9876-F8812F1D8794}"
EndProject
Project("{8BC9CEB8-8B4A-11D0-8D11-00A0C91BC942}") = "13000~13999", "13000~13999\13000~13999.vcxproj", "{3D43A664-C5BA-4469-A5AD-CE74A5596EB4}"
EndProject
Project("{8BC9CEB8-8B4A-11D0-8D11-00A0C91BC942}") = "19000~19999", "19000~19999\19000~19999.vcxproj", "{05A77E13-A6DC-47CF-99D4-A8104C8BA5F6}"
EndProject
Project("{8BC9CEB8-8B4A-11D0-8D11-00A0C91BC942}") = "20000~20999", "20000~20999\20000~20999.vcxproj", "{E4F15935-A740-4826-81FC-E4C794A4CD22}"
EndProject
Project("{8BC9CEB8-8B4A-11D0-8D11-00A0C91BC942}") = "2020 경북대학교 Goricon Open Contest", "2020 경북대학교 Goricon Open Contest\2020 경북대학교 Goricon Open Contest.vcxproj", "{97EE9D48-6CE4-470E-9565-3AF3B41AB91F}"
EndProject
Global
	GlobalSection(SolutionConfigurationPlatforms) = preSolution
		Debug|x64 = Debug|x64
		Debug|x86 = Debug|x86
		Release|x64 = Release|x64
		Release|x86 = Release|x86
	EndGlobalSection
	GlobalSection(ProjectConfigurationPlatforms) = postSolution
		{DE84D10C-0D0B-492A-9169-9D30C979BC77}.Debug|x64.ActiveCfg = Debug|x64
		{DE84D10C-0D0B-492A-9169-9D30C979BC77}.Debug|x64.Build.0 = Debug|x64
		{DE84D10C-0D0B-492A-9169-9D30C979BC77}.Debug|x86.ActiveCfg = Debug|Win32
		{DE84D10C-0D0B-492A-9169-9D30C979BC77}.Debug|x86.Build.0 = Debug|Win32
		{DE84D10C-0D0B-492A-9169-9D30C979BC77}.Release|x64.ActiveCfg = Release|x64
		{DE84D10C-0D0B-492A-9169-9D30C979BC77}.Release|x64.Build.0 = Release|x64
		{DE84D10C-0D0B-492A-9169-9D30C979BC77}.Release|x86.ActiveCfg = Release|Win32
		{DE84D10C-0D0B-492A-9169-9D30C979BC77}.Release|x86.Build.0 = Release|Win32
		{2DBC07A8-B205-4525-9E5A-42239434BB02}.Debug|x64.ActiveCfg = Debug|x64
		{2DBC07A8-B205-4525-9E5A-42239434BB02}.Debug|x64.Build.0 = Debug|x64
		{2DBC07A8-B205-4525-9E5A-42239434BB02}.Debug|x86.ActiveCfg = Debug|Win32
		{2DBC07A8-B205-4525-9E5A-42239434BB02}.Debug|x86.Build.0 = Debug|Win32
		{2DBC07A8-B205-4525-9E5A-42239434BB02}.Release|x64.ActiveCfg = Release|x64
		{2DBC07A8-B205-4525-9E5A-42239434BB02}.Release|x64.Build.0 = Release|x64
		{2DBC07A8-B205-4525-9E5A-42239434BB02}.Release|x86.ActiveCfg = Release|Win32
		{2DBC07A8-B205-4525-9E5A-42239434BB02}.Release|x86.Build.0 = Release|Win32
		{4B8735A6-1B21-40EB-82A4-5734531576DD}.Debug|x64.ActiveCfg = Debug|x64
		{4B8735A6-1B21-40EB-82A4-5734531576DD}.Debug|x64.Build.0 = Debug|x64
		{4B8735A6-1B21-40EB-82A4-5734531576DD}.Debug|x86.ActiveCfg = Debug|Win32
		{4B8735A6-1B21-40EB-82A4-5734531576DD}.Debug|x86.Build.0 = Debug|Win32
		{4B8735A6-1B21-40EB-82A4-5734531576DD}.Release|x64.ActiveCfg = Release|x64
		{4B8735A6-1B21-40EB-82A4-5734531576DD}.Release|x64.Build.0 = Release|x64
		{4B8735A6-1B21-40EB-82A4-5734531576DD}.Release|x86.ActiveCfg = Release|Win32
		{4B8735A6-1B21-40EB-82A4-5734531576DD}.Release|x86.Build.0 = Release|Win32
		{42C78759-5A14-4016-8118-0075F469CB01}.Debug|x64.ActiveCfg = Debug|x64
		{42C78759-5A14-4016-8118-0075F469CB01}.Debug|x64.Build.0 = Debug|x64
		{42C78759-5A14-4016-8118-0075F469CB01}.Debug|x86.ActiveCfg = Debug|Win32
		{42C78759-5A14-4016-8118-0075F469CB01}.Debug|x86.Build.0 = Debug|Win32
		{42C78759-5A14-4016-8118-0075F469CB01}.Release|x64.ActiveCfg = Release|x64
		{42C78759-5A14-4016-8118-0075F469CB01}.Release|x64.Build.0 = Release|x64
		{42C78759-5A14-4016-8118-0075F469CB01}.Release|x86.ActiveCfg = Release|Win32
		{42C78759-5A14-4016-8118-0075F469CB01}.Release|x86.Build.0 = Release|Win32
		{70C82BAB-DC91-45C9-A7F7-2BE4F1FBFA9B}.Debug|x64.ActiveCfg = Debug|x64
		{70C82BAB-DC91-45C9-A7F7-2BE4F1FBFA9B}.Debug|x64.Build.0 = Debug|x64
		{70C82BAB-DC91-45C9-A7F7-2BE4F1FBFA9B}.Debug|x86.ActiveCfg = Debug|Win32
		{70C82BAB-DC91-45C9-A7F7-2BE4F1FBFA9B}.Debug|x86.Build.0 = Debug|Win32
		{70C82BAB-DC91-45C9-A7F7-2BE4F1FBFA9B}.Release|x64.ActiveCfg = Release|x64
		{70C82BAB-DC91-45C9-A7F7-2BE4F1FBFA9B}.Release|x64.Build.0 = Release|x64
		{70C82BAB-DC91-45C9-A7F7-2BE4F1FBFA9B}.Release|x86.ActiveCfg = Release|Win32
		{70C82BAB-DC91-45C9-A7F7-2BE4F1FBFA9B}.Release|x86.Build.0 = Release|Win32
		{0B4D4FA2-57C8-4565-9603-CAF01EFAD5F1}.Debug|x64.ActiveCfg = Debug|x64
		{0B4D4FA2-57C8-4565-9603-CAF01EFAD5F1}.Debug|x64.Build.0 = Debug|x64
		{0B4D4FA2-57C8-4565-9603-CAF01EFAD5F1}.Debug|x86.ActiveCfg = Debug|Win32
		{0B4D4FA2-57C8-4565-9603-CAF01EFAD5F1}.Debug|x86.Build.0 = Debug|Win32
		{0B4D4FA2-57C8-4565-9603-CAF01EFAD5F1}.Release|x64.ActiveCfg = Release|x64
		{0B4D4FA2-57C8-4565-9603-CAF01EFAD5F1}.Release|x64.Build.0 = Release|x64
		{0B4D4FA2-57C8-4565-9603-CAF01EFAD5F1}.Release|x86.ActiveCfg = Release|Win32
		{0B4D4FA2-57C8-4565-9603-CAF01EFAD5F1}.Release|x86.Build.0 = Release|Win32
		{D3DF76F2-567C-47A7-AB8E-5FDDF08BDEB0}.Debug|x64.ActiveCfg = Debug|x64
		{D3DF76F2-567C-47A7-AB8E-5FDDF08BDEB0}.Debug|x64.Build.0 = Debug|x64
		{D3DF76F2-567C-47A7-AB8E-5FDDF08BDEB0}.Debug|x86.ActiveCfg = Debug|Win32
		{D3DF76F2-567C-47A7-AB8E-5FDDF08BDEB0}.Debug|x86.Build.0 = Debug|Win32
		{D3DF76F2-567C-47A7-AB8E-5FDDF08BDEB0}.Release|x64.ActiveCfg = Release|x64
		{D3DF76F2-567C-47A7-AB8E-5FDDF08BDEB0}.Release|x64.Build.0 = Release|x64
		{D3DF76F2-567C-47A7-AB8E-5FDDF08BDEB0}.Release|x86.ActiveCfg = Release|Win32
		{D3DF76F2-567C-47A7-AB8E-5FDDF08BDEB0}.Release|x86.Build.0 = Release|Win32
		{E81AEB17-DD4D-4D5F-89B8-E52334BFDA05}.Debug|x64.ActiveCfg = Debug|x64
		{E81AEB17-DD4D-4D5F-89B8-E52334BFDA05}.Debug|x64.Build.0 = Debug|x64
		{E81AEB17-DD4D-4D5F-89B8-E52334BFDA05}.Debug|x86.ActiveCfg = Debug|Win32
		{E81AEB17-DD4D-4D5F-89B8-E52334BFDA05}.Debug|x86.Build.0 = Debug|Win32
		{E81AEB17-DD4D-4D5F-89B8-E52334BFDA05}.Release|x64.ActiveCfg = Release|x64
		{E81AEB17-DD4D-4D5F-89B8-E52334BFDA05}.Release|x64.Build.0 = Release|x64
		{E81AEB17-DD4D-4D5F-89B8-E52334BFDA05}.Release|x86.ActiveCfg = Release|Win32
		{E81AEB17-DD4D-4D5F-89B8-E52334BFDA05}.Release|x86.Build.0 = Release|Win32
		{87F6B17B-D4D9-4F84-96BD-CDD8483B9504}.Debug|x64.ActiveCfg = Debug|x64
		{87F6B17B-D4D9-4F84-96BD-CDD8483B9504}.Debug|x64.Build.0 = Debug|x64
		{87F6B17B-D4D9-4F84-96BD-CDD8483B9504}.Debug|x86.ActiveCfg = Debug|Win32
		{87F6B17B-D4D9-4F84-96BD-CDD8483B9504}.Debug|x86.Build.0 = Debug|Win32
		{87F6B17B-D4D9-4F84-96BD-CDD8483B9504}.Release|x64.ActiveCfg = Release|x64
		{87F6B17B-D4D9-4F84-96BD-CDD8483B9504}.Release|x64.Build.0 = Release|x64
		{87F6B17B-D4D9-4F84-96BD-CDD8483B9504}.Release|x86.ActiveCfg = Release|Win32
		{87F6B17B-D4D9-4F84-96BD-CDD8483B9504}.Release|x86.Build.0 = Release|Win32
		{E94874E7-996B-4928-8ECE-20804C688C51}.Debug|x64.ActiveCfg = Debug|x64
		{E94874E7-996B-4928-8ECE-20804C688C51}.Debug|x64.Build.0 = Debug|x64
		{E94874E7-996B-4928-8ECE-20804C688C51}.Debug|x86.ActiveCfg = Debug|Win32
		{E94874E7-996B-4928-8ECE-20804C688C51}.Debug|x86.Build.0 = Debug|Win32
		{E94874E7-996B-4928-8ECE-20804C688C51}.Release|x64.ActiveCfg = Release|x64
		{E94874E7-996B-4928-8ECE-20804C688C51}.Release|x64.Build.0 = Release|x64
		{E94874E7-996B-4928-8ECE-20804C688C51}.Release|x86.ActiveCfg = Release|Win32
		{E94874E7-996B-4928-8ECE-20804C688C51}.Release|x86.Build.0 = Release|Win32
		{2F6B8B3C-5167-49B0-82B4-40A9103BEAC6}.Debug|x64.ActiveCfg = Debug|x64
		{2F6B8B3C-5167-49B0-82B4-40A9103BEAC6}.Debug|x64.Build.0 = Debug|x64
		{2F6B8B3C-5167-49B0-82B4-40A9103BEAC6}.Debug|x86.ActiveCfg = Debug|Win32
		{2F6B8B3C-5167-49B0-82B4-40A9103BEAC6}.Debug|x86.Build.0 = Debug|Win32
		{2F6B8B3C-5167-49B0-82B4-40A9103BEAC6}.Release|x64.ActiveCfg = Release|x64
		{2F6B8B3C-5167-49B0-82B4-40A9103BEAC6}.Release|x64.Build.0 = Release|x64
		{2F6B8B3C-5167-49B0-82B4-40A9103BEAC6}.Release|x86.ActiveCfg = Release|Win32
		{2F6B8B3C-5167-49B0-82B4-40A9103BEAC6}.Release|x86.Build.0 = Release|Win32
		{D17A2F8A-6178-452C-81FB-86C4C9555BD1}.Debug|x64.ActiveCfg = Debug|x64
		{D17A2F8A-6178-452C-81FB-86C4C9555BD1}.Debug|x64.Build.0 = Debug|x64
		{D17A2F8A-6178-452C-81FB-86C4C9555BD1}.Debug|x86.ActiveCfg = Debug|Win32
		{D17A2F8A-6178-452C-81FB-86C4C9555BD1}.Debug|x86.Build.0 = Debug|Win32
		{D17A2F8A-6178-452C-81FB-86C4C9555BD1}.Release|x64.ActiveCfg = Release|x64
		{D17A2F8A-6178-452C-81FB-86C4C9555BD1}.Release|x64.Build.0 = Release|x64
		{D17A2F8A-6178-452C-81FB-86C4C9555BD1}.Release|x86.ActiveCfg = Release|Win32
		{D17A2F8A-6178-452C-81FB-86C4C9555BD1}.Release|x86.Build.0 = Release|Win32
		{300B03BF-13F6-446C-9F24-93026034EDD1}.Debug|x64.ActiveCfg = Debug|x64
		{300B03BF-13F6-446C-9F24-93026034EDD1}.Debug|x64.Build.0 = Debug|x64
		{300B03BF-13F6-446C-9F24-93026034EDD1}.Debug|x86.ActiveCfg = Debug|Win32
		{300B03BF-13F6-446C-9F24-93026034EDD1}.Debug|x86.Build.0 = Debug|Win32
		{300B03BF-13F6-446C-9F24-93026034EDD1}.Release|x64.ActiveCfg = Release|x64
		{300B03BF-13F6-446C-9F24-93026034EDD1}.Release|x64.Build.0 = Release|x64
		{300B03BF-13F6-446C-9F24-93026034EDD1}.Release|x86.ActiveCfg = Release|Win32
		{300B03BF-13F6-446C-9F24-93026034EDD1}.Release|x86.Build.0 = Release|Win32
		{D5463F81-C834-4B84-9C63-4E4743E37A05}.Debug|x64.ActiveCfg = Debug|x64
		{D5463F81-C834-4B84-9C63-4E4743E37A05}.Debug|x64.Build.0 = Debug|x64
		{D5463F81-C834-4B84-9C63-4E4743E37A05}.Debug|x86.ActiveCfg = Debug|Win32
		{D5463F81-C834-4B84-9C63-4E4743E37A05}.Debug|x86.Build.0 = Debug|Win32
		{D5463F81-C834-4B84-9C63-4E4743E37A05}.Release|x64.ActiveCfg = Release|x64
		{D5463F81-C834-4B84-9C63-4E4743E37A05}.Release|x64.Build.0 = Release|x64
		{D5463F81-C834-4B84-9C63-4E4743E37A05}.Release|x86.ActiveCfg = Release|Win32
		{D5463F81-C834-4B84-9C63-4E4743E37A05}.Release|x86.Build.0 = Release|Win32
		{B8E9DF4E-A5F4-45CD-8CA7-DEAFB1F40D66}.Debug|x64.ActiveCfg = Debug|x64
		{B8E9DF4E-A5F4-45CD-8CA7-DEAFB1F40D66}.Debug|x64.Build.0 = Debug|x64
		{B8E9DF4E-A5F4-45CD-8CA7-DEAFB1F40D66}.Debug|x86.ActiveCfg = Debug|Win32
		{B8E9DF4E-A5F4-45CD-8CA7-DEAFB1F40D66}.Debug|x86.Build.0 = Debug|Win32
		{B8E9DF4E-A5F4-45CD-8CA7-DEAFB1F40D66}.Release|x64.ActiveCfg = Release|x64
		{B8E9DF4E-A5F4-45CD-8CA7-DEAFB1F40D66}.Release|x64.Build.0 = Release|x64
		{B8E9DF4E-A5F4-45CD-8CA7-DEAFB1F40D66}.Release|x86.ActiveCfg = Release|Win32
		{B8E9DF4E-A5F4-45CD-8CA7-DEAFB1F40D66}.Release|x86.Build.0 = Release|Win32
		{98E99147-4730-44DB-9129-7DDBCC1D5AB4}.Debug|x64.ActiveCfg = Debug|x64
		{98E99147-4730-44DB-9129-7DDBCC1D5AB4}.Debug|x64.Build.0 = Debug|x64
		{98E99147-4730-44DB-9129-7DDBCC1D5AB4}.Debug|x86.ActiveCfg = Debug|Win32
		{98E99147-4730-44DB-9129-7DDBCC1D5AB4}.Debug|x86.Build.0 = Debug|Win32
		{98E99147-4730-44DB-9129-7DDBCC1D5AB4}.Release|x64.ActiveCfg = Release|x64
		{98E99147-4730-44DB-9129-7DDBCC1D5AB4}.Release|x64.Build.0 = Release|x64
		{98E99147-4730-44DB-9129-7DDBCC1D5AB4}.Release|x86.ActiveCfg = Release|Win32
		{98E99147-4730-44DB-9129-7DDBCC1D5AB4}.Release|x86.Build.0 = Release|Win32
		{44AEA146-D0DD-4C02-9876-F8812F1D8794}.Debug|x64.ActiveCfg = Debug|x64
		{44AEA146-D0DD-4C02-9876-F8812F1D8794}.Debug|x64.Build.0 = Debug|x64
		{44AEA146-D0DD-4C02-9876-F8812F1D8794}.Debug|x86.ActiveCfg = Debug|Win32
		{44AEA146-D0DD-4C02-9876-F8812F1D8794}.Debug|x86.Build.0 = Debug|Win32
		{44AEA146-D0DD-4C02-9876-F8812F1D8794}.Release|x64.ActiveCfg = Release|x64
		{44AEA146-D0DD-4C02-9876-F8812F1D8794}.Release|x64.Build.0 = Release|x64
		{44AEA146-D0DD-4C02-9876-F8812F1D8794}.Release|x86.ActiveCfg = Release|Win32
		{44AEA146-D0DD-4C02-9876-F8812F1D8794}.Release|x86.Build.0 = Release|Win32
		{3D43A664-C5BA-4469-A5AD-CE74A5596EB4}.Debug|x64.ActiveCfg = Debug|x64
		{3D43A664-C5BA-4469-A5AD-CE74A5596EB4}.Debug|x64.Build.0 = Debug|x64
		{3D43A664-C5BA-4469-A5AD-CE74A5596EB4}.Debug|x86.ActiveCfg = Debug|Win32
		{3D43A664-C5BA-4469-A5AD-CE74A5596EB4}.Debug|x86.Build.0 = Debug|Win32
		{3D43A664-C5BA-4469-A5AD-CE74A5596EB4}.Release|x64.ActiveCfg = Release|x64
		{3D43A664-C5BA-4469-A5AD-CE74A5596EB4}.Release|x64.Build.0 = Release|x64
		{3D43A664-C5BA-4469-A5AD-CE74A5596EB4}.Release|x86.ActiveCfg = Release|Win32
		{3D43A664-C5BA-4469-A5AD-CE74A5596EB4}.Release|x86.Build.0 = Release|Win32
		{05A77E13-A6DC-47CF-99D4-A8104C8BA5F6}.Debug|x64.ActiveCfg = Debug|x64
		{05A77E13-A6DC-47CF-99D4-A8104C8BA5F6}.Debug|x64.Build.0 = Debug|x64
		{05A77E13-A6DC-47CF-99D4-A8104C8BA5F6}.Debug|x86.ActiveCfg = Debug|Win32
		{05A77E13-A6DC-47CF-99D4-A8104C8BA5F6}.Debug|x86.Build.0 = Debug|Win32
		{05A77E13-A6DC-47CF-99D4-A8104C8BA5F6}.Release|x64.ActiveCfg = Release|x64
		{05A77E13-A6DC-47CF-99D4-A8104C8BA5F6}.Release|x64.Build.0 = Release|x64
		{05A77E13-A6DC-47CF-99D4-A8104C8BA5F6}.Release|x86.ActiveCfg = Release|Win32
		{05A77E13-A6DC-47CF-99D4-A8104C8BA5F6}.Release|x86.Build.0 = Release|Win32
		{E4F15935-A740-4826-81FC-E4C794A4CD22}.Debug|x64.ActiveCfg = Debug|x64
		{E4F15935-A740-4826-81FC-E4C794A4CD22}.Debug|x64.Build.0 = Debug|x64
		{E4F15935-A740-4826-81FC-E4C794A4CD22}.Debug|x86.ActiveCfg = Debug|Win32
		{E4F15935-A740-4826-81FC-E4C794A4CD22}.Debug|x86.Build.0 = Debug|Win32
		{E4F15935-A740-4826-81FC-E4C794A4CD22}.Release|x64.ActiveCfg = Release|x64
		{E4F15935-A740-4826-81FC-E4C794A4CD22}.Release|x64.Build.0 = Release|x64
		{E4F15935-A740-4826-81FC-E4C794A4CD22}.Release|x86.ActiveCfg = Release|Win32
		{E4F15935-A740-4826-81FC-E4C794A4CD22}.Release|x86.Build.0 = Release|Win32
		{97EE9D48-6CE4-470E-9565-3AF3B41AB91F}.Debug|x64.ActiveCfg = Debug|x64
		{97EE9D48-6CE4-470E-9565-3AF3B41AB91F}.Debug|x64.Build.0 = Debug|x64
		{97EE9D48-6CE4-470E-9565-3AF3B41AB91F}.Debug|x86.ActiveCfg = Debug|Win32
		{97EE9D48-6CE4-470E-9565-3AF3B41AB91F}.Debug|x86.Build.0 = Debug|Win32
		{97EE9D48-6CE4-470E-9565-3AF3B41AB91F}.Release|x64.ActiveCfg = Release|x64
		{97EE9D48-6CE4-470E-9565-3AF3B41AB91F}.Release|x64.Build.0 = Release|x64
		{97EE9D48-6CE4-470E-9565-3AF3B41AB91F}.Release|x86.ActiveCfg = Release|Win32
		{97EE9D48-6CE4-470E-9565-3AF3B41AB91F}.Release|x86.Build.0 = Release|Win32
	EndGlobalSection
	GlobalSection(SolutionProperties) = preSolution
		HideSolutionNode = FALSE
	EndGlobalSection
	GlobalSection(ExtensibilityGlobals) = postSolution
		SolutionGuid = {A26D01FD-3033-4A51-955D-C6514FC7B16E}
	EndGlobalSection
EndGlobal
