<?xml version="1.0" encoding="utf-8"?>
<Project ToolsVersion="4.0" xmlns="http://schemas.microsoft.com/developer/msbuild/2003">
  <ItemGroup>
    <Filter Include="소스 파일">
      <UniqueIdentifier>{4FC737F1-C7A5-4376-A066-2A32D752A2FF}</UniqueIdentifier>
      <Extensions>cpp;c;cc;cxx;def;odl;idl;hpj;bat;asm;asmx</Extensions>
    </Filter>
    <Filter Include="리소스 파일">
      <UniqueIdentifier>{67DA6AB6-F800-4c08-8B7A-83BB121AAD01}</UniqueIdentifier>
      <Extensions>rc;ico;cur;bmp;dlg;rc2;rct;bin;rgs;gif;jpg;jpeg;jpe;resx;tiff;tif;png;wav;mfcribbon-ms</Extensions>
    </Filter>
    <Filter Include="헤더 파일">
      <UniqueIdentifier>{93995380-89BD-4b04-88EB-625FBE52EBFB}</UniqueIdentifier>
      <Extensions>h;hh;hpp;hxx;hm;inl;inc;ipp;xsd</Extensions>
    </Filter>
  </ItemGroup>
  <ItemGroup>
    <ClCompile Include="15596_SumOfNIntegers.cpp">
      <Filter>소스 파일</Filter>
    </ClCompile>
    <ClCompile Include="15829_Hashing.cpp">
      <Filter>소스 파일</Filter>
    </ClCompile>
    <ClCompile Include="15686_치킨 배달.cpp">
      <Filter>소스 파일</Filter>
    </ClCompile>
    <ClCompile Include="15650_N과 M (2).cpp">
      <Filter>소스 파일</Filter>
    </ClCompile>
    <ClCompile Include="15654_N과 M (5).cpp">
      <Filter>소스 파일</Filter>
    </ClCompile>
    <ClCompile Include="15652_N과 M (4).cpp">
      <Filter>소스 파일</Filter>
    </ClCompile>
    <ClCompile Include="15657_N과 M (8).cpp">
      <Filter>소스 파일</Filter>
    </ClCompile>
    <ClCompile Include="15953_상금 헌터.cpp">
      <Filter>소스 파일</Filter>
    </ClCompile>
    <ClCompile Include="15663_N과 M (9).cpp">
      <Filter>소스 파일</Filter>
    </ClCompile>
    <ClCompile Include="15666_N과 M (12).cpp">
      <Filter>소스 파일</Filter>
    </ClCompile>
    <ClCompile Include="15649_N과 M (1).cpp">
      <Filter>소스 파일</Filter>
    </ClCompile>
    <ClCompile Include="15651_N과 M (3).cpp">
      <Filter>소스 파일</Filter>
    </ClCompile>
    <ClCompile Include="15894_수학은 체육과목 입니다.cpp">
      <Filter>소스 파일</Filter>
    </ClCompile>
    <ClCompile Include="15683_감시.cpp">
      <Filter>소스 파일</Filter>
    </ClCompile>
    <ClCompile Include="15969_행복.cpp">
      <Filter>소스 파일</Filter>
    </ClCompile>
    <ClCompile Include="15946_이상한 기호.cpp">
      <Filter>소스 파일</Filter>
    </ClCompile>
    <ClCompile Include="15501_부당한 퍼즐.cpp">
      <Filter>소스 파일</Filter>
    </ClCompile>
  </ItemGroup>
</Project>