<?xml version="1.0" encoding="utf-8"?>
<Project ToolsVersion="4.0" xmlns="http://schemas.microsoft.com/developer/msbuild/2003">
  <ItemGroup>
    <Filter Include="소스 파일">
      <UniqueIdentifier>{4FC737F1-C7A5-4376-A066-2A32D752A2FF}</UniqueIdentifier>
      <Extensions>cpp;c;cc;cxx;def;odl;idl;hpj;bat;asm;asmx</Extensions>
    </Filter>
    <Filter Include="헤더 파일">
      <UniqueIdentifier>{93995380-89BD-4b04-88EB-625FBE52EBFB}</UniqueIdentifier>
      <Extensions>h;hh;hpp;hxx;hm;inl;inc;ipp;xsd</Extensions>
    </Filter>
    <Filter Include="리소스 파일">
      <UniqueIdentifier>{67DA6AB6-F800-4c08-8B7A-83BB121AAD01}</UniqueIdentifier>
      <Extensions>rc;ico;cur;bmp;dlg;rc2;rct;bin;rgs;gif;jpg;jpeg;jpe;resx;tiff;tif;png;wav;mfcribbon-ms</Extensions>
    </Filter>
  </ItemGroup>
  <ItemGroup>
    <ClCompile Include="10844_EasyStairCount.cpp">
      <Filter>소스 파일</Filter>
    </ClCompile>
    <ClCompile Include="10870_피보나치 수 5.cpp">
      <Filter>소스 파일</Filter>
    </ClCompile>
    <ClCompile Include="10814_나이순 정렬.cpp">
      <Filter>소스 파일</Filter>
    </ClCompile>
    <ClCompile Include="10830_행렬 제곱.cpp">
      <Filter>소스 파일</Filter>
    </ClCompile>
    <ClCompile Include="10816_숫자 카드 2.cpp">
      <Filter>소스 파일</Filter>
    </ClCompile>
    <ClCompile Include="10026_적록색약.cpp">
      <Filter>소스 파일</Filter>
    </ClCompile>
    <ClCompile Include="10798_세로읽기.cpp">
      <Filter>소스 파일</Filter>
    </ClCompile>
    <ClCompile Include="10797_10부제.cpp">
      <Filter>소스 파일</Filter>
    </ClCompile>
    <ClCompile Include="10039_평균 점수.cpp">
      <Filter>소스 파일</Filter>
    </ClCompile>
    <ClCompile Include="10808_알파벳 개수.cpp">
      <Filter>소스 파일</Filter>
    </ClCompile>
    <ClCompile Include="10815_숫자 카드.cpp">
      <Filter>소스 파일</Filter>
    </ClCompile>
    <ClCompile Include="10953_A+B - 6.cpp">
      <Filter>소스 파일</Filter>
    </ClCompile>
    <ClCompile Include="10996_별 찍기 - 21.cpp">
      <Filter>소스 파일</Filter>
    </ClCompile>
    <ClCompile Include="10991_별 찍기 - 16.cpp">
      <Filter>소스 파일</Filter>
    </ClCompile>
    <ClCompile Include="10819_차이를 최대로.cpp">
      <Filter>소스 파일</Filter>
    </ClCompile>
    <ClCompile Include="10974_모든 순열.cpp">
      <Filter>소스 파일</Filter>
    </ClCompile>
    <ClCompile Include="10610_30.cpp">
      <Filter>소스 파일</Filter>
    </ClCompile>
    <ClCompile Include="10992_별 찍기 - 17.cpp">
      <Filter>소스 파일</Filter>
    </ClCompile>
    <ClCompile Include="10886_0 = not cute  1 = cute.cpp">
      <Filter>소스 파일</Filter>
    </ClCompile>
    <ClCompile Include="10451_순열 사이클.cpp">
      <Filter>소스 파일</Filter>
    </ClCompile>
    <ClCompile Include="10988_팰린드롬인지 확인하기.cpp">
      <Filter>소스 파일</Filter>
    </ClCompile>
    <ClCompile Include="10825_국영수.cpp">
      <Filter>소스 파일</Filter>
    </ClCompile>
    <ClCompile Include="10824_네 수.cpp">
      <Filter>소스 파일</Filter>
    </ClCompile>
    <ClCompile Include="10757_큰 수 A+B.cpp">
      <Filter>소스 파일</Filter>
    </ClCompile>
    <ClCompile Include="10156_과자.cpp">
      <Filter>소스 파일</Filter>
    </ClCompile>
    <ClCompile Include="10942_팰린드롬.cpp">
      <Filter>소스 파일</Filter>
    </ClCompile>
    <ClCompile Include="10820_문자열 분석.cpp">
      <Filter>소스 파일</Filter>
    </ClCompile>
    <ClCompile Include="10972_다음 순열.cpp">
      <Filter>소스 파일</Filter>
    </ClCompile>
    <ClCompile Include="10162_전자레인지.cpp">
      <Filter>소스 파일</Filter>
    </ClCompile>
    <ClCompile Include="10833_사과.cpp">
      <Filter>소스 파일</Filter>
    </ClCompile>
    <ClCompile Include="10987_모음의 개수.cpp">
      <Filter>소스 파일</Filter>
    </ClCompile>
    <ClCompile Include="10448_유레카 이론.cpp">
      <Filter>소스 파일</Filter>
    </ClCompile>
    <ClCompile Include="10990_별 찍기 - 15.cpp">
      <Filter>소스 파일</Filter>
    </ClCompile>
    <ClCompile Include="10973_이전 순열.cpp">
      <Filter>소스 파일</Filter>
    </ClCompile>
    <ClCompile Include="10995_별 찍기 - 20.cpp">
      <Filter>소스 파일</Filter>
    </ClCompile>
    <ClCompile Include="10867_중복 빼고 정렬하기.cpp">
      <Filter>소스 파일</Filter>
    </ClCompile>
    <ClCompile Include="10101_삼각형 외우기.cpp">
      <Filter>소스 파일</Filter>
    </ClCompile>
    <ClCompile Include="10807_개수 세기.cpp">
      <Filter>소스 파일</Filter>
    </ClCompile>
    <ClCompile Include="10707_수도요금.cpp">
      <Filter>소스 파일</Filter>
    </ClCompile>
    <ClCompile Include="10699_오늘 날짜.cpp">
      <Filter>소스 파일</Filter>
    </ClCompile>
    <ClCompile Include="10984_내 학점을 구해줘.cpp">
      <Filter>소스 파일</Filter>
    </ClCompile>
    <ClCompile Include="10801_카드게임.cpp">
      <Filter>소스 파일</Filter>
    </ClCompile>
    <ClCompile Include="10214_Baseball.cpp">
      <Filter>소스 파일</Filter>
    </ClCompile>
    <ClCompile Include="10821_정수의 개수.cpp">
      <Filter>소스 파일</Filter>
    </ClCompile>
    <ClCompile Include="10569_다면체.cpp">
      <Filter>소스 파일</Filter>
    </ClCompile>
    <ClCompile Include="10804_카드 역배치.cpp">
      <Filter>소스 파일</Filter>
    </ClCompile>
    <ClCompile Include="10775_공항.cpp">
      <Filter>소스 파일</Filter>
    </ClCompile>
  </ItemGroup>
</Project>