<?xml version="1.0" encoding="utf-8"?>
<Project ToolsVersion="4.0" xmlns="http://schemas.microsoft.com/developer/msbuild/2003">
  <ItemGroup>
    <Filter Include="소스 파일">
      <UniqueIdentifier>{4FC737F1-C7A5-4376-A066-2A32D752A2FF}</UniqueIdentifier>
      <Extensions>cpp;c;cc;cxx;def;odl;idl;hpj;bat;asm;asmx</Extensions>
    </Filter>
    <Filter Include="헤더 파일">
      <UniqueIdentifier>{93995380-89BD-4b04-88EB-625FBE52EBFB}</UniqueIdentifier>
      <Extensions>h;hh;hpp;hxx;hm;inl;inc;ipp;xsd</Extensions>
    </Filter>
    <Filter Include="리소스 파일">
      <UniqueIdentifier>{67DA6AB6-F800-4c08-8B7A-83BB121AAD01}</UniqueIdentifier>
      <Extensions>rc;ico;cur;bmp;dlg;rc2;rct;bin;rgs;gif;jpg;jpeg;jpe;resx;tiff;tif;png;wav;mfcribbon-ms</Extensions>
    </Filter>
  </ItemGroup>
  <ItemGroup>
    <ClCompile Include="1655_TellMeTheMiddle.cpp">
      <Filter>소스 파일</Filter>
    </ClCompile>
    <ClCompile Include="1992_쿼드트리.cpp">
      <Filter>소스 파일</Filter>
    </ClCompile>
    <ClCompile Include="1780_종이의 개수.cpp">
      <Filter>소스 파일</Filter>
    </ClCompile>
    <ClCompile Include="1629_곱셈.cpp">
      <Filter>소스 파일</Filter>
    </ClCompile>
    <ClCompile Include="1259_팰린드롬수.cpp">
      <Filter>소스 파일</Filter>
    </ClCompile>
    <ClCompile Include="1654_랜선 자르기.cpp">
      <Filter>소스 파일</Filter>
    </ClCompile>
    <ClCompile Include="1920_수 찾기.cpp">
      <Filter>소스 파일</Filter>
    </ClCompile>
    <ClCompile Include="1620_나는야 포켓몬 마스터 이다솜.cpp">
      <Filter>소스 파일</Filter>
    </ClCompile>
    <ClCompile Include="1764_듣보잡.cpp">
      <Filter>소스 파일</Filter>
    </ClCompile>
    <ClCompile Include="1012_유기농 배추.cpp">
      <Filter>소스 파일</Filter>
    </ClCompile>
    <ClCompile Include="1260_DFS와 BFS.cpp">
      <Filter>소스 파일</Filter>
    </ClCompile>
    <ClCompile Include="1697_숨바꼭질.cpp">
      <Filter>소스 파일</Filter>
    </ClCompile>
    <ClCompile Include="1389_케빈 베이컨의 6단계 법칙.cpp">
      <Filter>소스 파일</Filter>
    </ClCompile>
    <ClCompile Include="1167_트리의 지름.cpp">
      <Filter>소스 파일</Filter>
    </ClCompile>
    <ClCompile Include="1753_최단경로.cpp">
      <Filter>소스 파일</Filter>
    </ClCompile>
    <ClCompile Include="1168_요세푸스 문제 2.cpp">
      <Filter>소스 파일</Filter>
    </ClCompile>
    <ClCompile Include="1076_저항.cpp">
      <Filter>소스 파일</Filter>
    </ClCompile>
    <ClCompile Include="1032_명령 프롬프트.cpp">
      <Filter>소스 파일</Filter>
    </ClCompile>
    <ClCompile Include="1431_시리얼 번호.cpp">
      <Filter>소스 파일</Filter>
    </ClCompile>
    <ClCompile Include="1026_보물.cpp">
      <Filter>소스 파일</Filter>
    </ClCompile>
    <ClCompile Include="14501_퇴사.cpp">
      <Filter>소스 파일</Filter>
    </ClCompile>
    <ClCompile Include="1934_최소공배수.cpp">
      <Filter>소스 파일</Filter>
    </ClCompile>
    <ClCompile Include="1182_부분수열의 합.cpp">
      <Filter>소스 파일</Filter>
    </ClCompile>
    <ClCompile Include="1094_막대기.cpp">
      <Filter>소스 파일</Filter>
    </ClCompile>
    <ClCompile Include="1699_제곱수의 합.cpp">
      <Filter>소스 파일</Filter>
    </ClCompile>
    <ClCompile Include="1759_암호 만들기.cpp">
      <Filter>소스 파일</Filter>
    </ClCompile>
    <ClCompile Include="1987_알파벳.cpp">
      <Filter>소스 파일</Filter>
    </ClCompile>
    <ClCompile Include="1100_하얀 칸.cpp">
      <Filter>소스 파일</Filter>
    </ClCompile>
    <ClCompile Include="1977_완전제곱수.cpp">
      <Filter>소스 파일</Filter>
    </ClCompile>
    <ClCompile Include="1010_다리 놓기.cpp">
      <Filter>소스 파일</Filter>
    </ClCompile>
    <ClCompile Include="1717_집합의 표현.cpp">
      <Filter>소스 파일</Filter>
    </ClCompile>
    <ClCompile Include="1009_분산처리.cpp">
      <Filter>소스 파일</Filter>
    </ClCompile>
    <ClCompile Include="1406_에디터.cpp">
      <Filter>소스 파일</Filter>
    </ClCompile>
    <ClCompile Include="1197_최소 스패닝 트리.cpp">
      <Filter>소스 파일</Filter>
    </ClCompile>
    <ClCompile Include="1004_어린 왕자.cpp">
      <Filter>소스 파일</Filter>
    </ClCompile>
    <ClCompile Include="1057_토너먼트.cpp">
      <Filter>소스 파일</Filter>
    </ClCompile>
    <ClCompile Include="1922_네트워크 연결.cpp">
      <Filter>소스 파일</Filter>
    </ClCompile>
    <ClCompile Include="1707_이분 그래프.cpp">
      <Filter>소스 파일</Filter>
    </ClCompile>
    <ClCompile Include="1890_점프.cpp">
      <Filter>소스 파일</Filter>
    </ClCompile>
    <ClCompile Include="1550_16진수.cpp">
      <Filter>소스 파일</Filter>
    </ClCompile>
    <ClCompile Include="1261_알고스팟.cpp">
      <Filter>소스 파일</Filter>
    </ClCompile>
    <ClCompile Include="1212_8진수 2진수.cpp">
      <Filter>소스 파일</Filter>
    </ClCompile>
    <ClCompile Include="1937_욕심쟁이 판다.cpp">
      <Filter>소스 파일</Filter>
    </ClCompile>
    <ClCompile Include="1786_찾기.cpp">
      <Filter>소스 파일</Filter>
    </ClCompile>
    <ClCompile Include="1918_후위 표기식.cpp">
      <Filter>소스 파일</Filter>
    </ClCompile>
    <ClCompile Include="1967_트리의 지름.cpp">
      <Filter>소스 파일</Filter>
    </ClCompile>
    <ClCompile Include="1991_트리 순회.cpp">
      <Filter>소스 파일</Filter>
    </ClCompile>
    <ClCompile Include="1120_문자열.cpp">
      <Filter>소스 파일</Filter>
    </ClCompile>
    <ClCompile Include="1238_파티.cpp">
      <Filter>소스 파일</Filter>
    </ClCompile>
    <ClCompile Include="1965_상자넣기.cpp">
      <Filter>소스 파일</Filter>
    </ClCompile>
    <ClCompile Include="1735_분수 합.cpp">
      <Filter>소스 파일</Filter>
    </ClCompile>
    <ClCompile Include="1373_2진수 8진수.cpp">
      <Filter>소스 파일</Filter>
    </ClCompile>
    <ClCompile Include="1748_수 이어 쓰기 1.cpp">
      <Filter>소스 파일</Filter>
    </ClCompile>
    <ClCompile Include="1043_거짓말.cpp">
      <Filter>소스 파일</Filter>
    </ClCompile>
    <ClCompile Include="1916_최소비용 구하기.cpp">
      <Filter>소스 파일</Filter>
    </ClCompile>
    <ClCompile Include="1547_공.cpp">
      <Filter>소스 파일</Filter>
    </ClCompile>
    <ClCompile Include="1292_쉽게 푸는 문제.cpp">
      <Filter>소스 파일</Filter>
    </ClCompile>
    <ClCompile Include="1789_수들의 합.cpp">
      <Filter>소스 파일</Filter>
    </ClCompile>
    <ClCompile Include="1075_나누기.cpp">
      <Filter>소스 파일</Filter>
    </ClCompile>
    <ClCompile Include="1806_부분합.cpp">
      <Filter>소스 파일</Filter>
    </ClCompile>
    <ClCompile Include="1946_신입 사원.cpp">
      <Filter>소스 파일</Filter>
    </ClCompile>
    <ClCompile Include="1644_소수의 연속합.cpp">
      <Filter>소스 파일</Filter>
    </ClCompile>
    <ClCompile Include="1963_소수 경로.cpp">
      <Filter>소스 파일</Filter>
    </ClCompile>
    <ClCompile Include="1049_기타줄.cpp">
      <Filter>소스 파일</Filter>
    </ClCompile>
    <ClCompile Include="1068_트리.cpp">
      <Filter>소스 파일</Filter>
    </ClCompile>
    <ClCompile Include="1159_농구 경기.cpp">
      <Filter>소스 파일</Filter>
    </ClCompile>
    <ClCompile Include="1016_제곱 ㄴㄴ 수.cpp">
      <Filter>소스 파일</Filter>
    </ClCompile>
    <ClCompile Include="1357_뒤집힌 덧셈.cpp">
      <Filter>소스 파일</Filter>
    </ClCompile>
    <ClCompile Include="1865_웜홀.cpp">
      <Filter>소스 파일</Filter>
    </ClCompile>
    <ClCompile Include="1976_여행 가자.cpp">
      <Filter>소스 파일</Filter>
    </ClCompile>
    <ClCompile Include="1339_단어 수학.cpp">
      <Filter>소스 파일</Filter>
    </ClCompile>
    <ClCompile Include="1325_효율적인 해킹.cpp">
      <Filter>소스 파일</Filter>
    </ClCompile>
    <ClCompile Include="1495_기타리스트.cpp">
      <Filter>소스 파일</Filter>
    </ClCompile>
    <ClCompile Include="1516_게임 개발.cpp">
      <Filter>소스 파일</Filter>
    </ClCompile>
    <ClCompile Include="1300_K번째 수.cpp">
      <Filter>소스 파일</Filter>
    </ClCompile>
    <ClCompile Include="1504_특정한 최단 경로.cpp">
      <Filter>소스 파일</Filter>
    </ClCompile>
    <ClCompile Include="1562_계단 수.cpp">
      <Filter>소스 파일</Filter>
    </ClCompile>
    <ClCompile Include="1202_보석 도둑.cpp">
      <Filter>소스 파일</Filter>
    </ClCompile>
    <ClCompile Include="1152_단어의 개수.cpp">
      <Filter>소스 파일</Filter>
    </ClCompile>
    <ClCompile Include="1600_말이 되고픈 원숭이.cpp">
      <Filter>소스 파일</Filter>
    </ClCompile>
    <ClCompile Include="1051_숫자 정사각형.cpp">
      <Filter>소스 파일</Filter>
    </ClCompile>
    <ClCompile Include="1453_피시방 알바.cpp">
      <Filter>소스 파일</Filter>
    </ClCompile>
    <ClCompile Include="1520_내리막 길.cpp">
      <Filter>소스 파일</Filter>
    </ClCompile>
    <ClCompile Include="1964_오각형, 오각형, 오각형….cpp">
      <Filter>소스 파일</Filter>
    </ClCompile>
    <ClCompile Include="1744_수 묶기.cpp">
      <Filter>소스 파일</Filter>
    </ClCompile>
    <ClCompile Include="1913_달팽이.cpp">
      <Filter>소스 파일</Filter>
    </ClCompile>
    <ClCompile Include="1015_수열 정렬.cpp">
      <Filter>소스 파일</Filter>
    </ClCompile>
    <ClCompile Include="1834_나머지와 몫이 같은 수.cpp">
      <Filter>소스 파일</Filter>
    </ClCompile>
    <ClCompile Include="1783_병든 나이트.cpp">
      <Filter>소스 파일</Filter>
    </ClCompile>
    <ClCompile Include="1072_게임.cpp">
      <Filter>소스 파일</Filter>
    </ClCompile>
    <ClCompile Include="1715_카드 정렬하기.cpp">
      <Filter>소스 파일</Filter>
    </ClCompile>
    <ClCompile Include="1544_사이클 단어.cpp">
      <Filter>소스 파일</Filter>
    </ClCompile>
    <ClCompile Include="1005_ACM Craft.cpp">
      <Filter>소스 파일</Filter>
    </ClCompile>
    <ClCompile Include="1509_팰린드롬 분할.cpp">
      <Filter>소스 파일</Filter>
    </ClCompile>
    <ClCompile Include="1647_도시 분할 계획.cpp">
      <Filter>소스 파일</Filter>
    </ClCompile>
  </ItemGroup>
</Project>